
Microsoft Visual Studio Solution File, Format Version 12.00
# Visual Studio Version 16
VisualStudioVersion = 16.0.31515.178
MinimumVisualStudioVersion = 10.0.40219.1
Project("{888888A0-9F3D-457C-B088-3A5042F75D52}") = "CIS261_CourseProject-Phase4Introduction", "CIS261_CourseProject-Phase4Introduction.pyproj", "{8F3C5CB8-9CC0-478C-9A0C-57F88D4AA5FA}"
EndProject
Global
	GlobalSection(SolutionConfigurationPlatforms) = preSolution
		Debug|Any CPU = Debug|Any CPU
		Release|Any CPU = Release|Any CPU
	EndGlobalSection
	GlobalSection(ProjectConfigurationPlatforms) = postSolution
		{8F3C5CB8-9CC0-478C-9A0C-57F88D4AA5FA}.Debug|Any CPU.ActiveCfg = Debug|Any CPU
		{8F3C5CB8-9CC0-478C-9A0C-57F88D4AA5FA}.Release|Any CPU.ActiveCfg = Release|Any CPU
	EndGlobalSection
	GlobalSection(SolutionProperties) = preSolution
		HideSolutionNode = FALSE
	EndGlobalSection
	GlobalSection(ExtensibilityGlobals) = postSolution
		SolutionGuid = {2FCBF001-E8ED-4E30-8349-03CF87B08484}
	EndGlobalSection
EndGlobal
